
Microsoft Visual Studio Solution File, Format Version 12.00
# Visual Studio 15
Project("{FAE04EC0-301F-11D3-BF4B-00C04F79EFBC}") = "Assembly-CSharp", "Assembly-CSharp.csproj", "{DD925662-1A7F-9780-2514-CEA71EA8F77E}"
EndProject
Project("{FAE04EC0-301F-11D3-BF4B-00C04F79EFBC}") = "Assembly-CSharp-Editor", "Assembly-CSharp-Editor.csproj", "{C2ACCECA-7BAA-0F4A-C378-3EE9C3A40581}"
EndProject
Global
	GlobalSection(SolutionConfigurationPlatforms) = preSolution
		Debug|Any CPU = Debug|Any CPU
		Release|Any CPU = Release|Any CPU
	EndGlobalSection
	GlobalSection(ProjectConfigurationPlatforms) = postSolution
		{DD925662-1A7F-9780-2514-CEA71EA8F77E}.Debug|Any CPU.ActiveCfg = Debug|Any CPU
		{DD925662-1A7F-9780-2514-CEA71EA8F77E}.Debug|Any CPU.Build.0 = Debug|Any CPU
		{DD925662-1A7F-9780-2514-CEA71EA8F77E}.Release|Any CPU.ActiveCfg = Release|Any CPU
		{DD925662-1A7F-9780-2514-CEA71EA8F77E}.Release|Any CPU.Build.0 = Release|Any CPU
		{C2ACCECA-7BAA-0F4A-C378-3EE9C3A40581}.Debug|Any CPU.ActiveCfg = Debug|Any CPU
		{C2ACCECA-7BAA-0F4A-C378-3EE9C3A40581}.Debug|Any CPU.Build.0 = Debug|Any CPU
		{C2ACCECA-7BAA-0F4A-C378-3EE9C3A40581}.Release|Any CPU.ActiveCfg = Release|Any CPU
		{C2ACCECA-7BAA-0F4A-C378-3EE9C3A40581}.Release|Any CPU.Build.0 = Release|Any CPU
	EndGlobalSection
	GlobalSection(SolutionProperties) = preSolution
		HideSolutionNode = FALSE
	EndGlobalSection
EndGlobal
